
Microsoft Visual Studio Solution File, Format Version 12.00
# Visual Studio Version 17
VisualStudioVersion = 17.11.35208.52
MinimumVisualStudioVersion = 10.0.40219.1
Project("{9A19103F-16F7-4668-BE54-9A1E7A4F7556}") = "heart_reate", "heart_reate.csproj", "{5142EC19-D7D4-499A-BB7F-4CDF98077A0E}"
EndProject
Global
	GlobalSection(SolutionConfigurationPlatforms) = preSolution
		Debug|x64 = Debug|x64
		Release|x64 = Release|x64
	EndGlobalSection
	GlobalSection(ProjectConfigurationPlatforms) = postSolution
		{5142EC19-D7D4-499A-BB7F-4CDF98077A0E}.Debug|x64.ActiveCfg = Debug|x64
		{5142EC19-D7D4-499A-BB7F-4CDF98077A0E}.Debug|x64.Build.0 = Debug|x64
		{5142EC19-D7D4-499A-BB7F-4CDF98077A0E}.Release|x64.ActiveCfg = Release|x64
		{5142EC19-D7D4-499A-BB7F-4CDF98077A0E}.Release|x64.Build.0 = Release|x64
	EndGlobalSection
	GlobalSection(SolutionProperties) = preSolution
		HideSolutionNode = FALSE
	EndGlobalSection
	GlobalSection(ExtensibilityGlobals) = postSolution
		SolutionGuid = {C35D9BA6-8742-4001-B4F0-35552D3E651C}
	EndGlobalSection
EndGlobal
